// !$*UTF8*$!
{
	archiveVersion = 1;
	classes = {
	};
	objectVersion = 50;
	objects = {

/* Begin PBXBuildFile section */
		68112CE423682D80008210AF /* AppDelegate.m in Sources */ = {isa = PBXBuildFile; fileRef = 68112CE323682D80008210AF /* AppDelegate.m */; };
		68112CE723682D80008210AF /* SceneDelegate.m in Sources */ = {isa = PBXBuildFile; fileRef = 68112CE623682D80008210AF /* SceneDelegate.m */; };
		68112CEA23682D80008210AF /* ViewController.m in Sources */ = {isa = PBXBuildFile; fileRef = 68112CE923682D80008210AF /* ViewController.m */; };
		68112CED23682D80008210AF /* Main.storyboard in Resources */ = {isa = PBXBuildFile; fileRef = 68112CEB23682D80008210AF /* Main.storyboard */; };
		68112CEF23682D86008210AF /* Assets.xcassets in Resources */ = {isa = PBXBuildFile; fileRef = 68112CEE23682D86008210AF /* Assets.xcassets */; };
		68112CF223682D86008210AF /* LaunchScreen.storyboard in Resources */ = {isa = PBXBuildFile; fileRef = 68112CF023682D86008210AF /* LaunchScreen.storyboard */; };
		68112CF523682D86008210AF /* main.m in Sources */ = {isa = PBXBuildFile; fileRef = 68112CF423682D86008210AF /* main.m */; };
/* End PBXBuildFile section */

/* Begin PBXFileReference section */
		68112CDF23682D80008210AF /* CoreAnimationExamples.app */ = {isa = PBXFileReference; explicitFileType = wrapper.application; includeInIndex = 0; path = CoreAnimationExamples.app; sourceTree = BUILT_PRODUCTS_DIR; };
		68112CE223682D80008210AF /* AppDelegate.h */ = {isa = PBXFileReference; lastKnownFileType = sourcecode.c.h; path = AppDelegate.h; sourceTree = "<group>"; };
		68112CE323682D80008210AF /* AppDelegate.m */ = {isa = PBXFileReference; lastKnownFileType = sourcecode.c.objc; path = AppDelegate.m; sourceTree = "<group>"; };
		68112CE523682D80008210AF /* SceneDelegate.h */ = {isa = PBXFileReference; lastKnownFileType = sourcecode.c.h; path = SceneDelegate.h; sourceTree = "<group>"; };
		68112CE623682D80008210AF /* SceneDelegate.m */ = {isa = PBXFileReference; lastKnownFileType = sourcecode.c.objc; path = SceneDelegate.m; sourceTree = "<group>"; };
		68112CE823682D80008210AF /* ViewController.h */ = {isa = PBXFileReference; lastKnownFileType = sourcecode.c.h; path = ViewController.h; sourceTree = "<group>"; };
		68112CE923682D80008210AF /* ViewController.m */ = {isa = PBXFileReference; lastKnownFileType = sourcecode.c.objc; path = ViewController.m; sourceTree = "<group>"; };
		68112CEC23682D80008210AF /* Base */ = {isa = PBXFileReference; lastKnownFileType = file.storyboard; name = Base; path = Base.lproj/Main.storyboard; sourceTree = "<group>"; };
		68112CEE23682D86008210AF /* Assets.xcassets */ = {isa = PBXFileReference; lastKnownFileType = folder.assetcatalog; path = Assets.xcassets; sourceTree = "<group>"; };
		68112CF123682D86008210AF /* Base */ = {isa = PBXFileReference; lastKnownFileType = file.storyboard; name = Base; path = Base.lproj/LaunchScreen.storyboard; sourceTree = "<group>"; };
		68112CF323682D86008210AF /* Info.plist */ = {isa = PBXFileReference; lastKnownFileType = text.plist.xml; path = Info.plist; sourceTree = "<group>"; };
		68112CF423682D86008210AF /* main.m */ = {isa = PBXFileReference; lastKnownFileType = sourcecode.c.objc; path = main.m; sourceTree = "<group>"; };
/* End PBXFileReference section */

/* Begin PBXFrameworksBuildPhase section */
		68112CDC23682D80008210AF /* Frameworks */ = {
			isa = PBXFrameworksBuildPhase;
			buildActionMask = 2147483647;
			files = (
			);
			runOnlyForDeploymentPostprocessing = 0;
		};
/* End PBXFrameworksBuildPhase section */

/* Begin PBXGroup section */
		68112CD623682D80008210AF = {
			isa = PBXGroup;
			children = (
				68112CE123682D80008210AF /* CoreAnimationExamples */,
				68112CE023682D80008210AF /* Products */,
			);
			sourceTree = "<group>";
		};
		68112CE023682D80008210AF /* Products */ = {
			isa = PBXGroup;
			children = (
				68112CDF23682D80008210AF /* CoreAnimationExamples.app */,
			);
			name = Products;
			sourceTree = "<group>";
		};
		68112CE123682D80008210AF /* CoreAnimationExamples */ = {
			isa = PBXGroup;
			children = (
				68112CE223682D80008210AF /* AppDelegate.h */,
				68112CE323682D80008210AF /* AppDelegate.m */,
				68112CE523682D80008210AF /* SceneDelegate.h */,
				68112CE623682D80008210AF /* SceneDelegate.m */,
				68112CE823682D80008210AF /* ViewController.h */,
				68112CE923682D80008210AF /* ViewController.m */,
				68112CEB23682D80008210AF /* Main.storyboard */,
				68112CEE23682D86008210AF /* Assets.xcassets */,
				68112CF023682D86008210AF /* LaunchScreen.storyboard */,
				68112CF323682D86008210AF /* Info.plist */,
				68112CF423682D86008210AF /* main.m */,
			);
			path = CoreAnimationExamples;
			sourceTree = "<group>";
		};
/* End PBXGroup section */

/* Begin PBXNativeTarget section */
		68112CDE23682D80008210AF /* CoreAnimationExamples */ = {
			isa = PBXNativeTarget;
			buildConfigurationList = 68112CF823682D86008210AF /* Build configuration list for PBXNativeTarget "CoreAnimationExamples" */;
			buildPhases = (
				68112CDB23682D80008210AF /* Sources */,
				68112CDC23682D80008210AF /* Frameworks */,
				68112CDD23682D80008210AF /* Resources */,
			);
			buildRules = (
			);
			dependencies = (
			);
			name = CoreAnimationExamples;
			productName = CoreAnimationExamples;
			productReference = 68112CDF23682D80008210AF /* CoreAnimationExamples.app */;
			productType = "com.apple.product-type.application";
		};
/* End PBXNativeTarget section */

/* Begin PBXProject section */
		68112CD723682D80008210AF /* Project object */ = {
			isa = PBXProject;
			attributes = {
				LastUpgradeCheck = 1100;
				ORGANIZATIONNAME = "艾波er";
				TargetAttributes = {
					68112CDE23682D80008210AF = {
						CreatedOnToolsVersion = 11.0;
					};
				};
			};
			buildConfigurationList = 68112CDA23682D80008210AF /* Build configuration list for PBXProject "CoreAnimationExamples" */;
			compatibilityVersion = "Xcode 9.3";
			developmentRegion = en;
			hasScannedForEncodings = 0;
			knownRegions = (
				en,
				Base,
			);
			mainGroup = 68112CD623682D80008210AF;
			productRefGroup = 68112CE023682D80008210AF /* Products */;
			projectDirPath = "";
			projectRoot = "";
			targets = (
				68112CDE23682D80008210AF /* CoreAnimationExamples */,
			);
		};
/* End PBXProject section */

/* Begin PBXResourcesBuildPhase section */
		68112CDD23682D80008210AF /* Resources */ = {
			isa = PBXResourcesBuildPhase;
			buildActionMask = 2147483647;
			files = (
				68112CF223682D86008210AF /* LaunchScreen.storyboard in Resources */,
				68112CEF23682D86008210AF /* Assets.xcassets in Resources */,
				68112CED23682D80008210AF /* Main.storyboard in Resources */,
			);
			runOnlyForDeploymentPostprocessing = 0;
		};
/* End PBXResourcesBuildPhase section */

/* Begin PBXSourcesBuildPhase section */
		68112CDB23682D80008210AF /* Sources */ = {
			isa = PBXSourcesBuildPhase;
			buildActionMask = 2147483647;
			files = (
				68112CEA23682D80008210AF /* ViewController.m in Sources */,
				68112CE423682D80008210AF /* AppDelegate.m in Sources */,
				68112CF523682D86008210AF /* main.m in Sources */,
				68112CE723682D80008210AF /* SceneDelegate.m in Sources */,
			);
			runOnlyForDeploymentPostprocessing = 0;
		};
/* End PBXSourcesBuildPhase section */

/* Begin PBXVariantGroup section */
		68112CEB23682D80008210AF /* Main.storyboard */ = {
			isa = PBXVariantGroup;
			children = (
				68112CEC23682D80008210AF /* Base */,
			);
			name = Main.storyboard;
			sourceTree = "<group>";
		};
		68112CF023682D86008210AF /* LaunchScreen.storyboard */ = {
			isa = PBXVariantGroup;
			children = (
				68112CF123682D86008210AF /* Base */,
			);
			name = LaunchScreen.storyboard;
			sourceTree = "<group>";
		};
/* End PBXVariantGroup section */

/* Begin XCBuildConfiguration section */
		68112CF623682D86008210AF /* Debug */ = {
			isa = XCBuildConfiguration;
			buildSettings = {
				ALWAYS_SEARCH_USER_PATHS = NO;
				CLANG_ANALYZER_NONNULL = YES;
				CLANG_ANALYZER_NUMBER_OBJECT_CONVERSION = YES_AGGRESSIVE;
				CLANG_CXX_LANGUAGE_STANDARD = "gnu++14";
				CLANG_CXX_LIBRARY = "libc++";
				CLANG_ENABLE_MODULES = YES;
				CLANG_ENABLE_OBJC_ARC = YES;
				CLANG_ENABLE_OBJC_WEAK = YES;
				CLANG_WARN_BLOCK_CAPTURE_AUTORELEASING = YES;
				CLANG_WARN_BOOL_CONVERSION = YES;
				CLANG_WARN_COMMA = YES;
				CLANG_WARN_CONSTANT_CONVERSION = YES;
				CLANG_WARN_DEPRECATED_OBJC_IMPLEMENTATIONS = YES;
				CLANG_WARN_DIRECT_OBJC_ISA_USAGE = YES_ERROR;
				CLANG_WARN_DOCUMENTATION_COMMENTS = YES;
				CLANG_WARN_EMPTY_BODY = YES;
				CLANG_WARN_ENUM_CONVERSION = YES;
				CLANG_WARN_INFINITE_RECURSION = YES;
				CLANG_WARN_INT_CONVERSION = YES;
				CLANG_WARN_NON_LITERAL_NULL_CONVERSION = YES;
				CLANG_WARN_OBJC_IMPLICIT_RETAIN_SELF = YES;
				CLANG_WARN_OBJC_LITERAL_CONVERSION = YES;
				CLANG_WARN_OBJC_ROOT_CLASS = YES_ERROR;
				CLANG_WARN_RANGE_LOOP_ANALYSIS = YES;
				CLANG_WARN_STRICT_PROTOTYPES = YES;
				CLANG_WARN_SUSPICIOUS_MOVE = YES;
				CLANG_WARN_UNGUARDED_AVAILABILITY = YES_AGGRESSIVE;
				CLANG_WARN_UNREACHABLE_CODE = YES;
				CLANG_WARN__DUPLICATE_METHOD_MATCH = YES;
				COPY_PHASE_STRIP = NO;
				DEBUG_INFORMATION_FORMAT = dwarf;
				ENABLE_STRICT_OBJC_MSGSEND = YES;
				ENABLE_TESTABILITY = YES;
				GCC_C_LANGUAGE_STANDARD = gnu11;
				GCC_DYNAMIC_NO_PIC = NO;
				GCC_NO_COMMON_BLOCKS = YES;
				GCC_OPTIMIZATION_LEVEL = 0;
				GCC_PREPROCESSOR_DEFINITIONS = (
					"DEBUG=1",
					"$(inherited)",
				);
				GCC_WARN_64_TO_32_BIT_CONVERSION = YES;
				GCC_WARN_ABOUT_RETURN_TYPE = YES_ERROR;
				GCC_WARN_UNDECLARED_SELECTOR = YES;
				GCC_WARN_UNINITIALIZED_AUTOS = YES_AGGRESSIVE;
				GCC_WARN_UNUSED_FUNCTION = YES;
				GCC_WARN_UNUSED_VARIABLE = YES;
				IPHONEOS_DEPLOYMENT_TARGET = 13.0;
				MTL_ENABLE_DEBUG_INFO = INCLUDE_SOURCE;
				MTL_FAST_MATH = YES;
				ONLY_ACTIVE_ARCH = YES;
				SDKROOT = iphoneos;
			};
			name = Debug;
		};
		68112CF723682D86008210AF /* Release */ = {
			isa = XCBuildConfiguration;
			buildSettings = {
				ALWAYS_SEARCH_USER_PATHS = NO;
				CLANG_ANALYZER_NONNULL = YES;
				CLANG_ANALYZER_NUMBER_OBJECT_CONVERSION = YES_AGGRESSIVE;
				CLANG_CXX_LANGUAGE_STANDARD = "gnu++14";
				CLANG_CXX_LIBRARY = "libc++";
				CLANG_ENABLE_MODULES = YES;
				CLANG_ENABLE_OBJC_ARC = YES;
				CLANG_ENABLE_OBJC_WEAK = YES;
				CLANG_WARN_BLOCK_CAPTURE_AUTORELEASING = YES;
				CLANG_WARN_BOOL_CONVERSION = YES;
				CLANG_WARN_COMMA = YES;
				CLANG_WARN_CONSTANT_CONVERSION = YES;
				CLANG_WARN_DEPRECATED_OBJC_IMPLEMENTATIONS = YES;
				CLANG_WARN_DIRECT_OBJC_ISA_USAGE = YES_ERROR;
				CLANG_WARN_DOCUMENTATION_COMMENTS = YES;
				CLANG_WARN_EMPTY_BODY = YES;
				CLANG_WARN_ENUM_CONVERSION = YES;
				CLANG_WARN_INFINITE_RECURSION = YES;
				CLANG_WARN_INT_CONVERSION = YES;
				CLANG_WARN_NON_LITERAL_NULL_CONVERSION = YES;
				CLANG_WARN_OBJC_IMPLICIT_RETAIN_SELF = YES;
				CLANG_WARN_OBJC_LITERAL_CONVERSION = YES;
				CLANG_WARN_OBJC_ROOT_CLASS = YES_ERROR;
				CLANG_WARN_RANGE_LOOP_ANALYSIS = YES;
				CLANG_WARN_STRICT_PROTOTYPES = YES;
				CLANG_WARN_SUSPICIOUS_MOVE = YES;
				CLANG_WARN_UNGUARDED_AVAILABILITY = YES_AGGRESSIVE;
				CLANG_WARN_UNREACHABLE_CODE = YES;
				CLANG_WARN__DUPLICATE_METHOD_MATCH = YES;
				COPY_PHASE_STRIP = NO;
				DEBUG_INFORMATION_FORMAT = "dwarf-with-dsym";
				ENABLE_NS_ASSERTIONS = NO;
				ENABLE_STRICT_OBJC_MSGSEND = YES;
				GCC_C_LANGUAGE_STANDARD = gnu11;
				GCC_NO_COMMON_BLOCKS = YES;
				GCC_WARN_64_TO_32_BIT_CONVERSION = YES;
				GCC_WARN_ABOUT_RETURN_TYPE = YES_ERROR;
				GCC_WARN_UNDECLARED_SELECTOR = YES;
				GCC_WARN_UNINITIALIZED_AUTOS = YES_AGGRESSIVE;
				GCC_WARN_UNUSED_FUNCTION = YES;
				GCC_WARN_UNUSED_VARIABLE = YES;
				IPHONEOS_DEPLOYMENT_TARGET = 13.0;
				MTL_ENABLE_DEBUG_INFO = NO;
				MTL_FAST_MATH = YES;
				SDKROOT = iphoneos;
				VALIDATE_PRODUCT = YES;
			};
			name = Release;
		};
		68112CF923682D86008210AF /* Debug */ = {
			isa = XCBuildConfiguration;
			buildSettings = {
				ASSETCATALOG_COMPILER_APPICON_NAME = AppIcon;
				CODE_SIGN_STYLE = Automatic;
				DEVELOPMENT_TEAM = W96TKX86AZ;
				INFOPLIST_FILE = CoreAnimationExamples/Info.plist;
				LD_RUNPATH_SEARCH_PATHS = (
					"$(inherited)",
					"@executable_path/Frameworks",
				);
				PRODUCT_BUNDLE_IDENTIFIER = com.ppabner.www.CoreAnimationExamples;
				PRODUCT_NAME = "$(TARGET_NAME)";
				TARGETED_DEVICE_FAMILY = "1,2";
			};
			name = Debug;
		};
		68112CFA23682D86008210AF /* Release */ = {
			isa = XCBuildConfiguration;
			buildSettings = {
				ASSETCATALOG_COMPILER_APPICON_NAME = AppIcon;
				CODE_SIGN_STYLE = Automatic;
				DEVELOPMENT_TEAM = W96TKX86AZ;
				INFOPLIST_FILE = CoreAnimationExamples/Info.plist;
				LD_RUNPATH_SEARCH_PATHS = (
					"$(inherited)",
					"@executable_path/Frameworks",
				);
				PRODUCT_BUNDLE_IDENTIFIER = com.ppabner.www.CoreAnimationExamples;
				PRODUCT_NAME = "$(TARGET_NAME)";
				TARGETED_DEVICE_FAMILY = "1,2";
			};
			name = Release;
		};
/* End XCBuildConfiguration section */

/* Begin XCConfigurationList section */
		68112CDA23682D80008210AF /* Build configuration list for PBXProject "CoreAnimationExamples" */ = {
			isa = XCConfigurationList;
			buildConfigurations = (
				68112CF623682D86008210AF /* Debug */,
				68112CF723682D86008210AF /* Release */,
			);
			defaultConfigurationIsVisible = 0;
			defaultConfigurationName = Release;
		};
		68112CF823682D86008210AF /* Build configuration list for PBXNativeTarget "CoreAnimationExamples" */ = {
			isa = XCConfigurationList;
			buildConfigurations = (
				68112CF923682D86008210AF /* Debug */,
				68112CFA23682D86008210AF /* Release */,
			);
			defaultConfigurationIsVisible = 0;
			defaultConfigurationName = Release;
		};
/* End XCConfigurationList section */
	};
	rootObject = 68112CD723682D80008210AF /* Project object */;
}
