// !$*UTF8*$!
{
	archiveVersion = 1;
	classes = {
	};
	objectVersion = 50;
	objects = {

/* Begin PBXBuildFile section */
		68AEFDBA236BE11A005A4453 /* AppDelegate.m in Sources */ = {isa = PBXBuildFile; fileRef = 68AEFDB9236BE11A005A4453 /* AppDelegate.m */; };
		68AEFDBD236BE11B005A4453 /* SceneDelegate.m in Sources */ = {isa = PBXBuildFile; fileRef = 68AEFDBC236BE11B005A4453 /* SceneDelegate.m */; };
		68AEFDC0236BE11B005A4453 /* ViewController.m in Sources */ = {isa = PBXBuildFile; fileRef = 68AEFDBF236BE11B005A4453 /* ViewController.m */; };
		68AEFDC3236BE11B005A4453 /* Main.storyboard in Resources */ = {isa = PBXBuildFile; fileRef = 68AEFDC1236BE11B005A4453 /* Main.storyboard */; };
		68AEFDC5236BE11F005A4453 /* Assets.xcassets in Resources */ = {isa = PBXBuildFile; fileRef = 68AEFDC4236BE11F005A4453 /* Assets.xcassets */; };
		68AEFDC8236BE11F005A4453 /* LaunchScreen.storyboard in Resources */ = {isa = PBXBuildFile; fileRef = 68AEFDC6236BE11F005A4453 /* LaunchScreen.storyboard */; };
		68AEFDCB236BE11F005A4453 /* main.m in Sources */ = {isa = PBXBuildFile; fileRef = 68AEFDCA236BE11F005A4453 /* main.m */; };
		68EDDE4F2374FE77004AFB3F /* UnconcurrentOperation.m in Sources */ = {isa = PBXBuildFile; fileRef = 68EDDE4E2374FE77004AFB3F /* UnconcurrentOperation.m */; };
		68EDDE522374FE8E004AFB3F /* ConcurrentOperation.m in Sources */ = {isa = PBXBuildFile; fileRef = 68EDDE512374FE8E004AFB3F /* ConcurrentOperation.m */; };
/* End PBXBuildFile section */

/* Begin PBXFileReference section */
		68AEFDB5236BE11A005A4453 /* PPTopic多线程.app */ = {isa = PBXFileReference; explicitFileType = wrapper.application; includeInIndex = 0; path = "PPTopic多线程.app"; sourceTree = BUILT_PRODUCTS_DIR; };
		68AEFDB8236BE11A005A4453 /* AppDelegate.h */ = {isa = PBXFileReference; lastKnownFileType = sourcecode.c.h; path = AppDelegate.h; sourceTree = "<group>"; };
		68AEFDB9236BE11A005A4453 /* AppDelegate.m */ = {isa = PBXFileReference; lastKnownFileType = sourcecode.c.objc; path = AppDelegate.m; sourceTree = "<group>"; };
		68AEFDBB236BE11A005A4453 /* SceneDelegate.h */ = {isa = PBXFileReference; lastKnownFileType = sourcecode.c.h; path = SceneDelegate.h; sourceTree = "<group>"; };
		68AEFDBC236BE11B005A4453 /* SceneDelegate.m */ = {isa = PBXFileReference; lastKnownFileType = sourcecode.c.objc; path = SceneDelegate.m; sourceTree = "<group>"; };
		68AEFDBE236BE11B005A4453 /* ViewController.h */ = {isa = PBXFileReference; lastKnownFileType = sourcecode.c.h; path = ViewController.h; sourceTree = "<group>"; };
		68AEFDBF236BE11B005A4453 /* ViewController.m */ = {isa = PBXFileReference; lastKnownFileType = sourcecode.c.objc; path = ViewController.m; sourceTree = "<group>"; };
		68AEFDC2236BE11B005A4453 /* Base */ = {isa = PBXFileReference; lastKnownFileType = file.storyboard; name = Base; path = Base.lproj/Main.storyboard; sourceTree = "<group>"; };
		68AEFDC4236BE11F005A4453 /* Assets.xcassets */ = {isa = PBXFileReference; lastKnownFileType = folder.assetcatalog; path = Assets.xcassets; sourceTree = "<group>"; };
		68AEFDC7236BE11F005A4453 /* Base */ = {isa = PBXFileReference; lastKnownFileType = file.storyboard; name = Base; path = Base.lproj/LaunchScreen.storyboard; sourceTree = "<group>"; };
		68AEFDC9236BE11F005A4453 /* Info.plist */ = {isa = PBXFileReference; lastKnownFileType = text.plist.xml; path = Info.plist; sourceTree = "<group>"; };
		68AEFDCA236BE11F005A4453 /* main.m */ = {isa = PBXFileReference; lastKnownFileType = sourcecode.c.objc; path = main.m; sourceTree = "<group>"; };
		68EDDE4D2374FE77004AFB3F /* UnconcurrentOperation.h */ = {isa = PBXFileReference; lastKnownFileType = sourcecode.c.h; path = UnconcurrentOperation.h; sourceTree = "<group>"; };
		68EDDE4E2374FE77004AFB3F /* UnconcurrentOperation.m */ = {isa = PBXFileReference; lastKnownFileType = sourcecode.c.objc; path = UnconcurrentOperation.m; sourceTree = "<group>"; };
		68EDDE502374FE8E004AFB3F /* ConcurrentOperation.h */ = {isa = PBXFileReference; lastKnownFileType = sourcecode.c.h; path = ConcurrentOperation.h; sourceTree = "<group>"; };
		68EDDE512374FE8E004AFB3F /* ConcurrentOperation.m */ = {isa = PBXFileReference; lastKnownFileType = sourcecode.c.objc; path = ConcurrentOperation.m; sourceTree = "<group>"; };
/* End PBXFileReference section */

/* Begin PBXFrameworksBuildPhase section */
		68AEFDB2236BE11A005A4453 /* Frameworks */ = {
			isa = PBXFrameworksBuildPhase;
			buildActionMask = 2147483647;
			files = (
			);
			runOnlyForDeploymentPostprocessing = 0;
		};
/* End PBXFrameworksBuildPhase section */

/* Begin PBXGroup section */
		68AEFDAC236BE11A005A4453 = {
			isa = PBXGroup;
			children = (
				68AEFDB7236BE11A005A4453 /* PPTopic多线程 */,
				68AEFDB6236BE11A005A4453 /* Products */,
			);
			sourceTree = "<group>";
		};
		68AEFDB6236BE11A005A4453 /* Products */ = {
			isa = PBXGroup;
			children = (
				68AEFDB5236BE11A005A4453 /* PPTopic多线程.app */,
			);
			name = Products;
			sourceTree = "<group>";
		};
		68AEFDB7236BE11A005A4453 /* PPTopic多线程 */ = {
			isa = PBXGroup;
			children = (
				68EDDE4A23740EAF004AFB3F /* 自定义NSOperation */,
				68AEFDB8236BE11A005A4453 /* AppDelegate.h */,
				68AEFDB9236BE11A005A4453 /* AppDelegate.m */,
				68AEFDBB236BE11A005A4453 /* SceneDelegate.h */,
				68AEFDBC236BE11B005A4453 /* SceneDelegate.m */,
				68AEFDBE236BE11B005A4453 /* ViewController.h */,
				68AEFDBF236BE11B005A4453 /* ViewController.m */,
				68AEFDC1236BE11B005A4453 /* Main.storyboard */,
				68AEFDC4236BE11F005A4453 /* Assets.xcassets */,
				68AEFDC6236BE11F005A4453 /* LaunchScreen.storyboard */,
				68AEFDC9236BE11F005A4453 /* Info.plist */,
				68AEFDCA236BE11F005A4453 /* main.m */,
			);
			path = "PPTopic多线程";
			sourceTree = "<group>";
		};
		68EDDE4A23740EAF004AFB3F /* 自定义NSOperation */ = {
			isa = PBXGroup;
			children = (
				68EDDE4C23740F51004AFB3F /* 自定义并发的NSOperation */,
				68EDDE4B23740F4B004AFB3F /* 自定义非并发的NSOperation */,
			);
			path = "自定义NSOperation";
			sourceTree = "<group>";
		};
		68EDDE4B23740F4B004AFB3F /* 自定义非并发的NSOperation */ = {
			isa = PBXGroup;
			children = (
				68EDDE4D2374FE77004AFB3F /* UnconcurrentOperation.h */,
				68EDDE4E2374FE77004AFB3F /* UnconcurrentOperation.m */,
			);
			path = "自定义非并发的NSOperation";
			sourceTree = "<group>";
		};
		68EDDE4C23740F51004AFB3F /* 自定义并发的NSOperation */ = {
			isa = PBXGroup;
			children = (
				68EDDE502374FE8E004AFB3F /* ConcurrentOperation.h */,
				68EDDE512374FE8E004AFB3F /* ConcurrentOperation.m */,
			);
			path = "自定义并发的NSOperation";
			sourceTree = "<group>";
		};
/* End PBXGroup section */

/* Begin PBXNativeTarget section */
		68AEFDB4236BE11A005A4453 /* PPTopic多线程 */ = {
			isa = PBXNativeTarget;
			buildConfigurationList = 68AEFDCE236BE11F005A4453 /* Build configuration list for PBXNativeTarget "PPTopic多线程" */;
			buildPhases = (
				68AEFDB1236BE11A005A4453 /* Sources */,
				68AEFDB2236BE11A005A4453 /* Frameworks */,
				68AEFDB3236BE11A005A4453 /* Resources */,
			);
			buildRules = (
			);
			dependencies = (
			);
			name = "PPTopic多线程";
			productName = "PPTopic多线程";
			productReference = 68AEFDB5236BE11A005A4453 /* PPTopic多线程.app */;
			productType = "com.apple.product-type.application";
		};
/* End PBXNativeTarget section */

/* Begin PBXProject section */
		68AEFDAD236BE11A005A4453 /* Project object */ = {
			isa = PBXProject;
			attributes = {
				LastUpgradeCheck = 1100;
				ORGANIZATIONNAME = "艾波er";
				TargetAttributes = {
					68AEFDB4236BE11A005A4453 = {
						CreatedOnToolsVersion = 11.0;
					};
				};
			};
			buildConfigurationList = 68AEFDB0236BE11A005A4453 /* Build configuration list for PBXProject "PPTopic多线程" */;
			compatibilityVersion = "Xcode 9.3";
			developmentRegion = en;
			hasScannedForEncodings = 0;
			knownRegions = (
				en,
				Base,
			);
			mainGroup = 68AEFDAC236BE11A005A4453;
			productRefGroup = 68AEFDB6236BE11A005A4453 /* Products */;
			projectDirPath = "";
			projectRoot = "";
			targets = (
				68AEFDB4236BE11A005A4453 /* PPTopic多线程 */,
			);
		};
/* End PBXProject section */

/* Begin PBXResourcesBuildPhase section */
		68AEFDB3236BE11A005A4453 /* Resources */ = {
			isa = PBXResourcesBuildPhase;
			buildActionMask = 2147483647;
			files = (
				68AEFDC8236BE11F005A4453 /* LaunchScreen.storyboard in Resources */,
				68AEFDC5236BE11F005A4453 /* Assets.xcassets in Resources */,
				68AEFDC3236BE11B005A4453 /* Main.storyboard in Resources */,
			);
			runOnlyForDeploymentPostprocessing = 0;
		};
/* End PBXResourcesBuildPhase section */

/* Begin PBXSourcesBuildPhase section */
		68AEFDB1236BE11A005A4453 /* Sources */ = {
			isa = PBXSourcesBuildPhase;
			buildActionMask = 2147483647;
			files = (
				68AEFDC0236BE11B005A4453 /* ViewController.m in Sources */,
				68EDDE4F2374FE77004AFB3F /* UnconcurrentOperation.m in Sources */,
				68EDDE522374FE8E004AFB3F /* ConcurrentOperation.m in Sources */,
				68AEFDBA236BE11A005A4453 /* AppDelegate.m in Sources */,
				68AEFDCB236BE11F005A4453 /* main.m in Sources */,
				68AEFDBD236BE11B005A4453 /* SceneDelegate.m in Sources */,
			);
			runOnlyForDeploymentPostprocessing = 0;
		};
/* End PBXSourcesBuildPhase section */

/* Begin PBXVariantGroup section */
		68AEFDC1236BE11B005A4453 /* Main.storyboard */ = {
			isa = PBXVariantGroup;
			children = (
				68AEFDC2236BE11B005A4453 /* Base */,
			);
			name = Main.storyboard;
			sourceTree = "<group>";
		};
		68AEFDC6236BE11F005A4453 /* LaunchScreen.storyboard */ = {
			isa = PBXVariantGroup;
			children = (
				68AEFDC7236BE11F005A4453 /* Base */,
			);
			name = LaunchScreen.storyboard;
			sourceTree = "<group>";
		};
/* End PBXVariantGroup section */

/* Begin XCBuildConfiguration section */
		68AEFDCC236BE11F005A4453 /* Debug */ = {
			isa = XCBuildConfiguration;
			buildSettings = {
				ALWAYS_SEARCH_USER_PATHS = NO;
				CLANG_ANALYZER_NONNULL = YES;
				CLANG_ANALYZER_NUMBER_OBJECT_CONVERSION = YES_AGGRESSIVE;
				CLANG_CXX_LANGUAGE_STANDARD = "gnu++14";
				CLANG_CXX_LIBRARY = "libc++";
				CLANG_ENABLE_MODULES = YES;
				CLANG_ENABLE_OBJC_ARC = YES;
				CLANG_ENABLE_OBJC_WEAK = YES;
				CLANG_WARN_BLOCK_CAPTURE_AUTORELEASING = YES;
				CLANG_WARN_BOOL_CONVERSION = YES;
				CLANG_WARN_COMMA = YES;
				CLANG_WARN_CONSTANT_CONVERSION = YES;
				CLANG_WARN_DEPRECATED_OBJC_IMPLEMENTATIONS = YES;
				CLANG_WARN_DIRECT_OBJC_ISA_USAGE = YES_ERROR;
				CLANG_WARN_DOCUMENTATION_COMMENTS = YES;
				CLANG_WARN_EMPTY_BODY = YES;
				CLANG_WARN_ENUM_CONVERSION = YES;
				CLANG_WARN_INFINITE_RECURSION = YES;
				CLANG_WARN_INT_CONVERSION = YES;
				CLANG_WARN_NON_LITERAL_NULL_CONVERSION = YES;
				CLANG_WARN_OBJC_IMPLICIT_RETAIN_SELF = YES;
				CLANG_WARN_OBJC_LITERAL_CONVERSION = YES;
				CLANG_WARN_OBJC_ROOT_CLASS = YES_ERROR;
				CLANG_WARN_RANGE_LOOP_ANALYSIS = YES;
				CLANG_WARN_STRICT_PROTOTYPES = YES;
				CLANG_WARN_SUSPICIOUS_MOVE = YES;
				CLANG_WARN_UNGUARDED_AVAILABILITY = YES_AGGRESSIVE;
				CLANG_WARN_UNREACHABLE_CODE = YES;
				CLANG_WARN__DUPLICATE_METHOD_MATCH = YES;
				COPY_PHASE_STRIP = NO;
				DEBUG_INFORMATION_FORMAT = dwarf;
				ENABLE_STRICT_OBJC_MSGSEND = YES;
				ENABLE_TESTABILITY = YES;
				GCC_C_LANGUAGE_STANDARD = gnu11;
				GCC_DYNAMIC_NO_PIC = NO;
				GCC_NO_COMMON_BLOCKS = YES;
				GCC_OPTIMIZATION_LEVEL = 0;
				GCC_PREPROCESSOR_DEFINITIONS = (
					"DEBUG=1",
					"$(inherited)",
				);
				GCC_WARN_64_TO_32_BIT_CONVERSION = YES;
				GCC_WARN_ABOUT_RETURN_TYPE = YES_ERROR;
				GCC_WARN_UNDECLARED_SELECTOR = YES;
				GCC_WARN_UNINITIALIZED_AUTOS = YES_AGGRESSIVE;
				GCC_WARN_UNUSED_FUNCTION = YES;
				GCC_WARN_UNUSED_VARIABLE = YES;
				IPHONEOS_DEPLOYMENT_TARGET = 13.0;
				MTL_ENABLE_DEBUG_INFO = INCLUDE_SOURCE;
				MTL_FAST_MATH = YES;
				ONLY_ACTIVE_ARCH = YES;
				SDKROOT = iphoneos;
			};
			name = Debug;
		};
		68AEFDCD236BE11F005A4453 /* Release */ = {
			isa = XCBuildConfiguration;
			buildSettings = {
				ALWAYS_SEARCH_USER_PATHS = NO;
				CLANG_ANALYZER_NONNULL = YES;
				CLANG_ANALYZER_NUMBER_OBJECT_CONVERSION = YES_AGGRESSIVE;
				CLANG_CXX_LANGUAGE_STANDARD = "gnu++14";
				CLANG_CXX_LIBRARY = "libc++";
				CLANG_ENABLE_MODULES = YES;
				CLANG_ENABLE_OBJC_ARC = YES;
				CLANG_ENABLE_OBJC_WEAK = YES;
				CLANG_WARN_BLOCK_CAPTURE_AUTORELEASING = YES;
				CLANG_WARN_BOOL_CONVERSION = YES;
				CLANG_WARN_COMMA = YES;
				CLANG_WARN_CONSTANT_CONVERSION = YES;
				CLANG_WARN_DEPRECATED_OBJC_IMPLEMENTATIONS = YES;
				CLANG_WARN_DIRECT_OBJC_ISA_USAGE = YES_ERROR;
				CLANG_WARN_DOCUMENTATION_COMMENTS = YES;
				CLANG_WARN_EMPTY_BODY = YES;
				CLANG_WARN_ENUM_CONVERSION = YES;
				CLANG_WARN_INFINITE_RECURSION = YES;
				CLANG_WARN_INT_CONVERSION = YES;
				CLANG_WARN_NON_LITERAL_NULL_CONVERSION = YES;
				CLANG_WARN_OBJC_IMPLICIT_RETAIN_SELF = YES;
				CLANG_WARN_OBJC_LITERAL_CONVERSION = YES;
				CLANG_WARN_OBJC_ROOT_CLASS = YES_ERROR;
				CLANG_WARN_RANGE_LOOP_ANALYSIS = YES;
				CLANG_WARN_STRICT_PROTOTYPES = YES;
				CLANG_WARN_SUSPICIOUS_MOVE = YES;
				CLANG_WARN_UNGUARDED_AVAILABILITY = YES_AGGRESSIVE;
				CLANG_WARN_UNREACHABLE_CODE = YES;
				CLANG_WARN__DUPLICATE_METHOD_MATCH = YES;
				COPY_PHASE_STRIP = NO;
				DEBUG_INFORMATION_FORMAT = "dwarf-with-dsym";
				ENABLE_NS_ASSERTIONS = NO;
				ENABLE_STRICT_OBJC_MSGSEND = YES;
				GCC_C_LANGUAGE_STANDARD = gnu11;
				GCC_NO_COMMON_BLOCKS = YES;
				GCC_WARN_64_TO_32_BIT_CONVERSION = YES;
				GCC_WARN_ABOUT_RETURN_TYPE = YES_ERROR;
				GCC_WARN_UNDECLARED_SELECTOR = YES;
				GCC_WARN_UNINITIALIZED_AUTOS = YES_AGGRESSIVE;
				GCC_WARN_UNUSED_FUNCTION = YES;
				GCC_WARN_UNUSED_VARIABLE = YES;
				IPHONEOS_DEPLOYMENT_TARGET = 13.0;
				MTL_ENABLE_DEBUG_INFO = NO;
				MTL_FAST_MATH = YES;
				SDKROOT = iphoneos;
				VALIDATE_PRODUCT = YES;
			};
			name = Release;
		};
		68AEFDCF236BE11F005A4453 /* Debug */ = {
			isa = XCBuildConfiguration;
			buildSettings = {
				ASSETCATALOG_COMPILER_APPICON_NAME = AppIcon;
				CODE_SIGN_STYLE = Automatic;
				DEVELOPMENT_TEAM = W96TKX86AZ;
				INFOPLIST_FILE = "PPTopic多线程/Info.plist";
				LD_RUNPATH_SEARCH_PATHS = (
					"$(inherited)",
					"@executable_path/Frameworks",
				);
				PRODUCT_BUNDLE_IDENTIFIER = "com.ppabner.www.PPTopic---";
				PRODUCT_NAME = "$(TARGET_NAME)";
				TARGETED_DEVICE_FAMILY = 1;
			};
			name = Debug;
		};
		68AEFDD0236BE11F005A4453 /* Release */ = {
			isa = XCBuildConfiguration;
			buildSettings = {
				ASSETCATALOG_COMPILER_APPICON_NAME = AppIcon;
				CODE_SIGN_STYLE = Automatic;
				DEVELOPMENT_TEAM = W96TKX86AZ;
				INFOPLIST_FILE = "PPTopic多线程/Info.plist";
				LD_RUNPATH_SEARCH_PATHS = (
					"$(inherited)",
					"@executable_path/Frameworks",
				);
				PRODUCT_BUNDLE_IDENTIFIER = "com.ppabner.www.PPTopic---";
				PRODUCT_NAME = "$(TARGET_NAME)";
				TARGETED_DEVICE_FAMILY = 1;
			};
			name = Release;
		};
/* End XCBuildConfiguration section */

/* Begin XCConfigurationList section */
		68AEFDB0236BE11A005A4453 /* Build configuration list for PBXProject "PPTopic多线程" */ = {
			isa = XCConfigurationList;
			buildConfigurations = (
				68AEFDCC236BE11F005A4453 /* Debug */,
				68AEFDCD236BE11F005A4453 /* Release */,
			);
			defaultConfigurationIsVisible = 0;
			defaultConfigurationName = Release;
		};
		68AEFDCE236BE11F005A4453 /* Build configuration list for PBXNativeTarget "PPTopic多线程" */ = {
			isa = XCConfigurationList;
			buildConfigurations = (
				68AEFDCF236BE11F005A4453 /* Debug */,
				68AEFDD0236BE11F005A4453 /* Release */,
			);
			defaultConfigurationIsVisible = 0;
			defaultConfigurationName = Release;
		};
/* End XCConfigurationList section */
	};
	rootObject = 68AEFDAD236BE11A005A4453 /* Project object */;
}
