// !$*UTF8*$!
{
	archiveVersion = 1;
	classes = {
	};
	objectVersion = 50;
	objects = {

/* Begin PBXBuildFile section */
		07B6B19723EC4E7600256AC2 /* AppDelegate.m in Sources */ = {isa = PBXBuildFile; fileRef = 07B6B19623EC4E7600256AC2 /* AppDelegate.m */; };
		07B6B19A23EC4E7600256AC2 /* SceneDelegate.m in Sources */ = {isa = PBXBuildFile; fileRef = 07B6B19923EC4E7600256AC2 /* SceneDelegate.m */; };
		07B6B19D23EC4E7600256AC2 /* ViewController.m in Sources */ = {isa = PBXBuildFile; fileRef = 07B6B19C23EC4E7600256AC2 /* ViewController.m */; };
		07B6B1A023EC4E7600256AC2 /* Main.storyboard in Resources */ = {isa = PBXBuildFile; fileRef = 07B6B19E23EC4E7600256AC2 /* Main.storyboard */; };
		07B6B1A223EC4E7700256AC2 /* Assets.xcassets in Resources */ = {isa = PBXBuildFile; fileRef = 07B6B1A123EC4E7700256AC2 /* Assets.xcassets */; };
		07B6B1A523EC4E7700256AC2 /* LaunchScreen.storyboard in Resources */ = {isa = PBXBuildFile; fileRef = 07B6B1A323EC4E7700256AC2 /* LaunchScreen.storyboard */; };
		07B6B1A823EC4E7700256AC2 /* main.m in Sources */ = {isa = PBXBuildFile; fileRef = 07B6B1A723EC4E7700256AC2 /* main.m */; };
/* End PBXBuildFile section */

/* Begin PBXFileReference section */
		07B6B19223EC4E7600256AC2 /* SizeOfTest.app */ = {isa = PBXFileReference; explicitFileType = wrapper.application; includeInIndex = 0; path = SizeOfTest.app; sourceTree = BUILT_PRODUCTS_DIR; };
		07B6B19523EC4E7600256AC2 /* AppDelegate.h */ = {isa = PBXFileReference; lastKnownFileType = sourcecode.c.h; path = AppDelegate.h; sourceTree = "<group>"; };
		07B6B19623EC4E7600256AC2 /* AppDelegate.m */ = {isa = PBXFileReference; lastKnownFileType = sourcecode.c.objc; path = AppDelegate.m; sourceTree = "<group>"; };
		07B6B19823EC4E7600256AC2 /* SceneDelegate.h */ = {isa = PBXFileReference; lastKnownFileType = sourcecode.c.h; path = SceneDelegate.h; sourceTree = "<group>"; };
		07B6B19923EC4E7600256AC2 /* SceneDelegate.m */ = {isa = PBXFileReference; lastKnownFileType = sourcecode.c.objc; path = SceneDelegate.m; sourceTree = "<group>"; };
		07B6B19B23EC4E7600256AC2 /* ViewController.h */ = {isa = PBXFileReference; lastKnownFileType = sourcecode.c.h; path = ViewController.h; sourceTree = "<group>"; };
		07B6B19C23EC4E7600256AC2 /* ViewController.m */ = {isa = PBXFileReference; lastKnownFileType = sourcecode.c.objc; path = ViewController.m; sourceTree = "<group>"; };
		07B6B19F23EC4E7600256AC2 /* Base */ = {isa = PBXFileReference; lastKnownFileType = file.storyboard; name = Base; path = Base.lproj/Main.storyboard; sourceTree = "<group>"; };
		07B6B1A123EC4E7700256AC2 /* Assets.xcassets */ = {isa = PBXFileReference; lastKnownFileType = folder.assetcatalog; path = Assets.xcassets; sourceTree = "<group>"; };
		07B6B1A423EC4E7700256AC2 /* Base */ = {isa = PBXFileReference; lastKnownFileType = file.storyboard; name = Base; path = Base.lproj/LaunchScreen.storyboard; sourceTree = "<group>"; };
		07B6B1A623EC4E7700256AC2 /* Info.plist */ = {isa = PBXFileReference; lastKnownFileType = text.plist.xml; path = Info.plist; sourceTree = "<group>"; };
		07B6B1A723EC4E7700256AC2 /* main.m */ = {isa = PBXFileReference; lastKnownFileType = sourcecode.c.objc; path = main.m; sourceTree = "<group>"; };
/* End PBXFileReference section */

/* Begin PBXFrameworksBuildPhase section */
		07B6B18F23EC4E7600256AC2 /* Frameworks */ = {
			isa = PBXFrameworksBuildPhase;
			buildActionMask = 2147483647;
			files = (
			);
			runOnlyForDeploymentPostprocessing = 0;
		};
/* End PBXFrameworksBuildPhase section */

/* Begin PBXGroup section */
		07B6B18923EC4E7500256AC2 = {
			isa = PBXGroup;
			children = (
				07B6B19423EC4E7600256AC2 /* SizeOfTest */,
				07B6B19323EC4E7600256AC2 /* Products */,
			);
			sourceTree = "<group>";
		};
		07B6B19323EC4E7600256AC2 /* Products */ = {
			isa = PBXGroup;
			children = (
				07B6B19223EC4E7600256AC2 /* SizeOfTest.app */,
			);
			name = Products;
			sourceTree = "<group>";
		};
		07B6B19423EC4E7600256AC2 /* SizeOfTest */ = {
			isa = PBXGroup;
			children = (
				07B6B19523EC4E7600256AC2 /* AppDelegate.h */,
				07B6B19623EC4E7600256AC2 /* AppDelegate.m */,
				07B6B19823EC4E7600256AC2 /* SceneDelegate.h */,
				07B6B19923EC4E7600256AC2 /* SceneDelegate.m */,
				07B6B19B23EC4E7600256AC2 /* ViewController.h */,
				07B6B19C23EC4E7600256AC2 /* ViewController.m */,
				07B6B19E23EC4E7600256AC2 /* Main.storyboard */,
				07B6B1A123EC4E7700256AC2 /* Assets.xcassets */,
				07B6B1A323EC4E7700256AC2 /* LaunchScreen.storyboard */,
				07B6B1A623EC4E7700256AC2 /* Info.plist */,
				07B6B1A723EC4E7700256AC2 /* main.m */,
			);
			path = SizeOfTest;
			sourceTree = "<group>";
		};
/* End PBXGroup section */

/* Begin PBXNativeTarget section */
		07B6B19123EC4E7600256AC2 /* SizeOfTest */ = {
			isa = PBXNativeTarget;
			buildConfigurationList = 07B6B1AB23EC4E7700256AC2 /* Build configuration list for PBXNativeTarget "SizeOfTest" */;
			buildPhases = (
				07B6B18E23EC4E7600256AC2 /* Sources */,
				07B6B18F23EC4E7600256AC2 /* Frameworks */,
				07B6B19023EC4E7600256AC2 /* Resources */,
			);
			buildRules = (
			);
			dependencies = (
			);
			name = SizeOfTest;
			productName = SizeOfTest;
			productReference = 07B6B19223EC4E7600256AC2 /* SizeOfTest.app */;
			productType = "com.apple.product-type.application";
		};
/* End PBXNativeTarget section */

/* Begin PBXProject section */
		07B6B18A23EC4E7500256AC2 /* Project object */ = {
			isa = PBXProject;
			attributes = {
				LastUpgradeCheck = 1130;
				ORGANIZATIONNAME = "艾波er";
				TargetAttributes = {
					07B6B19123EC4E7600256AC2 = {
						CreatedOnToolsVersion = 11.3.1;
					};
				};
			};
			buildConfigurationList = 07B6B18D23EC4E7500256AC2 /* Build configuration list for PBXProject "SizeOfTest" */;
			compatibilityVersion = "Xcode 9.3";
			developmentRegion = en;
			hasScannedForEncodings = 0;
			knownRegions = (
				en,
				Base,
			);
			mainGroup = 07B6B18923EC4E7500256AC2;
			productRefGroup = 07B6B19323EC4E7600256AC2 /* Products */;
			projectDirPath = "";
			projectRoot = "";
			targets = (
				07B6B19123EC4E7600256AC2 /* SizeOfTest */,
			);
		};
/* End PBXProject section */

/* Begin PBXResourcesBuildPhase section */
		07B6B19023EC4E7600256AC2 /* Resources */ = {
			isa = PBXResourcesBuildPhase;
			buildActionMask = 2147483647;
			files = (
				07B6B1A523EC4E7700256AC2 /* LaunchScreen.storyboard in Resources */,
				07B6B1A223EC4E7700256AC2 /* Assets.xcassets in Resources */,
				07B6B1A023EC4E7600256AC2 /* Main.storyboard in Resources */,
			);
			runOnlyForDeploymentPostprocessing = 0;
		};
/* End PBXResourcesBuildPhase section */

/* Begin PBXSourcesBuildPhase section */
		07B6B18E23EC4E7600256AC2 /* Sources */ = {
			isa = PBXSourcesBuildPhase;
			buildActionMask = 2147483647;
			files = (
				07B6B19D23EC4E7600256AC2 /* ViewController.m in Sources */,
				07B6B19723EC4E7600256AC2 /* AppDelegate.m in Sources */,
				07B6B1A823EC4E7700256AC2 /* main.m in Sources */,
				07B6B19A23EC4E7600256AC2 /* SceneDelegate.m in Sources */,
			);
			runOnlyForDeploymentPostprocessing = 0;
		};
/* End PBXSourcesBuildPhase section */

/* Begin PBXVariantGroup section */
		07B6B19E23EC4E7600256AC2 /* Main.storyboard */ = {
			isa = PBXVariantGroup;
			children = (
				07B6B19F23EC4E7600256AC2 /* Base */,
			);
			name = Main.storyboard;
			sourceTree = "<group>";
		};
		07B6B1A323EC4E7700256AC2 /* LaunchScreen.storyboard */ = {
			isa = PBXVariantGroup;
			children = (
				07B6B1A423EC4E7700256AC2 /* Base */,
			);
			name = LaunchScreen.storyboard;
			sourceTree = "<group>";
		};
/* End PBXVariantGroup section */

/* Begin XCBuildConfiguration section */
		07B6B1A923EC4E7700256AC2 /* Debug */ = {
			isa = XCBuildConfiguration;
			buildSettings = {
				ALWAYS_SEARCH_USER_PATHS = NO;
				CLANG_ANALYZER_NONNULL = YES;
				CLANG_ANALYZER_NUMBER_OBJECT_CONVERSION = YES_AGGRESSIVE;
				CLANG_CXX_LANGUAGE_STANDARD = "gnu++14";
				CLANG_CXX_LIBRARY = "libc++";
				CLANG_ENABLE_MODULES = YES;
				CLANG_ENABLE_OBJC_ARC = YES;
				CLANG_ENABLE_OBJC_WEAK = YES;
				CLANG_WARN_BLOCK_CAPTURE_AUTORELEASING = YES;
				CLANG_WARN_BOOL_CONVERSION = YES;
				CLANG_WARN_COMMA = YES;
				CLANG_WARN_CONSTANT_CONVERSION = YES;
				CLANG_WARN_DEPRECATED_OBJC_IMPLEMENTATIONS = YES;
				CLANG_WARN_DIRECT_OBJC_ISA_USAGE = YES_ERROR;
				CLANG_WARN_DOCUMENTATION_COMMENTS = YES;
				CLANG_WARN_EMPTY_BODY = YES;
				CLANG_WARN_ENUM_CONVERSION = YES;
				CLANG_WARN_INFINITE_RECURSION = YES;
				CLANG_WARN_INT_CONVERSION = YES;
				CLANG_WARN_NON_LITERAL_NULL_CONVERSION = YES;
				CLANG_WARN_OBJC_IMPLICIT_RETAIN_SELF = YES;
				CLANG_WARN_OBJC_LITERAL_CONVERSION = YES;
				CLANG_WARN_OBJC_ROOT_CLASS = YES_ERROR;
				CLANG_WARN_RANGE_LOOP_ANALYSIS = YES;
				CLANG_WARN_STRICT_PROTOTYPES = YES;
				CLANG_WARN_SUSPICIOUS_MOVE = YES;
				CLANG_WARN_UNGUARDED_AVAILABILITY = YES_AGGRESSIVE;
				CLANG_WARN_UNREACHABLE_CODE = YES;
				CLANG_WARN__DUPLICATE_METHOD_MATCH = YES;
				COPY_PHASE_STRIP = NO;
				DEBUG_INFORMATION_FORMAT = dwarf;
				ENABLE_STRICT_OBJC_MSGSEND = YES;
				ENABLE_TESTABILITY = YES;
				GCC_C_LANGUAGE_STANDARD = gnu11;
				GCC_DYNAMIC_NO_PIC = NO;
				GCC_NO_COMMON_BLOCKS = YES;
				GCC_OPTIMIZATION_LEVEL = 0;
				GCC_PREPROCESSOR_DEFINITIONS = (
					"DEBUG=1",
					"$(inherited)",
				);
				GCC_WARN_64_TO_32_BIT_CONVERSION = YES;
				GCC_WARN_ABOUT_RETURN_TYPE = YES_ERROR;
				GCC_WARN_UNDECLARED_SELECTOR = YES;
				GCC_WARN_UNINITIALIZED_AUTOS = YES_AGGRESSIVE;
				GCC_WARN_UNUSED_FUNCTION = YES;
				GCC_WARN_UNUSED_VARIABLE = YES;
				IPHONEOS_DEPLOYMENT_TARGET = 13.2;
				MTL_ENABLE_DEBUG_INFO = INCLUDE_SOURCE;
				MTL_FAST_MATH = YES;
				ONLY_ACTIVE_ARCH = YES;
				SDKROOT = iphoneos;
			};
			name = Debug;
		};
		07B6B1AA23EC4E7700256AC2 /* Release */ = {
			isa = XCBuildConfiguration;
			buildSettings = {
				ALWAYS_SEARCH_USER_PATHS = NO;
				CLANG_ANALYZER_NONNULL = YES;
				CLANG_ANALYZER_NUMBER_OBJECT_CONVERSION = YES_AGGRESSIVE;
				CLANG_CXX_LANGUAGE_STANDARD = "gnu++14";
				CLANG_CXX_LIBRARY = "libc++";
				CLANG_ENABLE_MODULES = YES;
				CLANG_ENABLE_OBJC_ARC = YES;
				CLANG_ENABLE_OBJC_WEAK = YES;
				CLANG_WARN_BLOCK_CAPTURE_AUTORELEASING = YES;
				CLANG_WARN_BOOL_CONVERSION = YES;
				CLANG_WARN_COMMA = YES;
				CLANG_WARN_CONSTANT_CONVERSION = YES;
				CLANG_WARN_DEPRECATED_OBJC_IMPLEMENTATIONS = YES;
				CLANG_WARN_DIRECT_OBJC_ISA_USAGE = YES_ERROR;
				CLANG_WARN_DOCUMENTATION_COMMENTS = YES;
				CLANG_WARN_EMPTY_BODY = YES;
				CLANG_WARN_ENUM_CONVERSION = YES;
				CLANG_WARN_INFINITE_RECURSION = YES;
				CLANG_WARN_INT_CONVERSION = YES;
				CLANG_WARN_NON_LITERAL_NULL_CONVERSION = YES;
				CLANG_WARN_OBJC_IMPLICIT_RETAIN_SELF = YES;
				CLANG_WARN_OBJC_LITERAL_CONVERSION = YES;
				CLANG_WARN_OBJC_ROOT_CLASS = YES_ERROR;
				CLANG_WARN_RANGE_LOOP_ANALYSIS = YES;
				CLANG_WARN_STRICT_PROTOTYPES = YES;
				CLANG_WARN_SUSPICIOUS_MOVE = YES;
				CLANG_WARN_UNGUARDED_AVAILABILITY = YES_AGGRESSIVE;
				CLANG_WARN_UNREACHABLE_CODE = YES;
				CLANG_WARN__DUPLICATE_METHOD_MATCH = YES;
				COPY_PHASE_STRIP = NO;
				DEBUG_INFORMATION_FORMAT = "dwarf-with-dsym";
				ENABLE_NS_ASSERTIONS = NO;
				ENABLE_STRICT_OBJC_MSGSEND = YES;
				GCC_C_LANGUAGE_STANDARD = gnu11;
				GCC_NO_COMMON_BLOCKS = YES;
				GCC_WARN_64_TO_32_BIT_CONVERSION = YES;
				GCC_WARN_ABOUT_RETURN_TYPE = YES_ERROR;
				GCC_WARN_UNDECLARED_SELECTOR = YES;
				GCC_WARN_UNINITIALIZED_AUTOS = YES_AGGRESSIVE;
				GCC_WARN_UNUSED_FUNCTION = YES;
				GCC_WARN_UNUSED_VARIABLE = YES;
				IPHONEOS_DEPLOYMENT_TARGET = 13.2;
				MTL_ENABLE_DEBUG_INFO = NO;
				MTL_FAST_MATH = YES;
				SDKROOT = iphoneos;
				VALIDATE_PRODUCT = YES;
			};
			name = Release;
		};
		07B6B1AC23EC4E7700256AC2 /* Debug */ = {
			isa = XCBuildConfiguration;
			buildSettings = {
				ASSETCATALOG_COMPILER_APPICON_NAME = AppIcon;
				CODE_SIGN_STYLE = Automatic;
				INFOPLIST_FILE = SizeOfTest/Info.plist;
				LD_RUNPATH_SEARCH_PATHS = (
					"$(inherited)",
					"@executable_path/Frameworks",
				);
				PRODUCT_BUNDLE_IDENTIFIER = com.ppabner.SizeOfTest;
				PRODUCT_NAME = "$(TARGET_NAME)";
				TARGETED_DEVICE_FAMILY = "1,2";
			};
			name = Debug;
		};
		07B6B1AD23EC4E7700256AC2 /* Release */ = {
			isa = XCBuildConfiguration;
			buildSettings = {
				ASSETCATALOG_COMPILER_APPICON_NAME = AppIcon;
				CODE_SIGN_STYLE = Automatic;
				INFOPLIST_FILE = SizeOfTest/Info.plist;
				LD_RUNPATH_SEARCH_PATHS = (
					"$(inherited)",
					"@executable_path/Frameworks",
				);
				PRODUCT_BUNDLE_IDENTIFIER = com.ppabner.SizeOfTest;
				PRODUCT_NAME = "$(TARGET_NAME)";
				TARGETED_DEVICE_FAMILY = "1,2";
			};
			name = Release;
		};
/* End XCBuildConfiguration section */

/* Begin XCConfigurationList section */
		07B6B18D23EC4E7500256AC2 /* Build configuration list for PBXProject "SizeOfTest" */ = {
			isa = XCConfigurationList;
			buildConfigurations = (
				07B6B1A923EC4E7700256AC2 /* Debug */,
				07B6B1AA23EC4E7700256AC2 /* Release */,
			);
			defaultConfigurationIsVisible = 0;
			defaultConfigurationName = Release;
		};
		07B6B1AB23EC4E7700256AC2 /* Build configuration list for PBXNativeTarget "SizeOfTest" */ = {
			isa = XCConfigurationList;
			buildConfigurations = (
				07B6B1AC23EC4E7700256AC2 /* Debug */,
				07B6B1AD23EC4E7700256AC2 /* Release */,
			);
			defaultConfigurationIsVisible = 0;
			defaultConfigurationName = Release;
		};
/* End XCConfigurationList section */
	};
	rootObject = 07B6B18A23EC4E7500256AC2 /* Project object */;
}
