// !$*UTF8*$!
{
	archiveVersion = 1;
	classes = {
	};
	objectVersion = 50;
	objects = {

/* Begin PBXBuildFile section */
		6859640D249DB505000C4348 /* KLImagePickerConfiguration.m in Sources */ = {isa = PBXBuildFile; fileRef = 6859640C249DB505000C4348 /* KLImagePickerConfiguration.m */; };
		6859641824A0B5A9000C4348 /* KLAlbumModel.m in Sources */ = {isa = PBXBuildFile; fileRef = 6859641724A0B5A9000C4348 /* KLAlbumModel.m */; };
		68F9A7C62494794C00FFF90B /* AppDelegate.m in Sources */ = {isa = PBXBuildFile; fileRef = 68F9A7C52494794C00FFF90B /* AppDelegate.m */; };
		68F9A7C92494794C00FFF90B /* SceneDelegate.m in Sources */ = {isa = PBXBuildFile; fileRef = 68F9A7C82494794C00FFF90B /* SceneDelegate.m */; };
		68F9A7CC2494794C00FFF90B /* ViewController.m in Sources */ = {isa = PBXBuildFile; fileRef = 68F9A7CB2494794C00FFF90B /* ViewController.m */; };
		68F9A7CF2494794C00FFF90B /* Main.storyboard in Resources */ = {isa = PBXBuildFile; fileRef = 68F9A7CD2494794C00FFF90B /* Main.storyboard */; };
		68F9A7D12494795300FFF90B /* Assets.xcassets in Resources */ = {isa = PBXBuildFile; fileRef = 68F9A7D02494795300FFF90B /* Assets.xcassets */; };
		68F9A7D42494795300FFF90B /* LaunchScreen.storyboard in Resources */ = {isa = PBXBuildFile; fileRef = 68F9A7D22494795300FFF90B /* LaunchScreen.storyboard */; };
		68F9A7D72494795300FFF90B /* main.m in Sources */ = {isa = PBXBuildFile; fileRef = 68F9A7D62494795300FFF90B /* main.m */; };
		68F9A7E12494B62300FFF90B /* KLImagePickerView.m in Sources */ = {isa = PBXBuildFile; fileRef = 68F9A7E02494B62300FFF90B /* KLImagePickerView.m */; };
		68F9A7E42494B65600FFF90B /* KLImagePickerViewConfiguration.m in Sources */ = {isa = PBXBuildFile; fileRef = 68F9A7E32494B65600FFF90B /* KLImagePickerViewConfiguration.m */; };
		68F9A7E82494B6AD00FFF90B /* KLImagePicker.m in Sources */ = {isa = PBXBuildFile; fileRef = 68F9A7E72494B6AD00FFF90B /* KLImagePicker.m */; };
		68F9A7ED24950E9B00FFF90B /* KLAssetModel.m in Sources */ = {isa = PBXBuildFile; fileRef = 68F9A7EC24950E9B00FFF90B /* KLAssetModel.m */; };
/* End PBXBuildFile section */

/* Begin PBXFileReference section */
		6859640B249DB505000C4348 /* KLImagePickerConfiguration.h */ = {isa = PBXFileReference; lastKnownFileType = sourcecode.c.h; path = KLImagePickerConfiguration.h; sourceTree = "<group>"; };
		6859640C249DB505000C4348 /* KLImagePickerConfiguration.m */ = {isa = PBXFileReference; lastKnownFileType = sourcecode.c.objc; path = KLImagePickerConfiguration.m; sourceTree = "<group>"; };
		6859641324A05320000C4348 /* PHCollection.md */ = {isa = PBXFileReference; lastKnownFileType = net.daringfireball.markdown; path = PHCollection.md; sourceTree = "<group>"; };
		6859641424A0649D000C4348 /* PHFetchOptions.md */ = {isa = PBXFileReference; lastKnownFileType = net.daringfireball.markdown; path = PHFetchOptions.md; sourceTree = "<group>"; };
		6859641524A0799C000C4348 /* PHAsset.md */ = {isa = PBXFileReference; lastKnownFileType = net.daringfireball.markdown; path = PHAsset.md; sourceTree = "<group>"; };
		6859641624A0B5A9000C4348 /* KLAlbumModel.h */ = {isa = PBXFileReference; lastKnownFileType = sourcecode.c.h; path = KLAlbumModel.h; sourceTree = "<group>"; };
		6859641724A0B5A9000C4348 /* KLAlbumModel.m */ = {isa = PBXFileReference; lastKnownFileType = sourcecode.c.objc; path = KLAlbumModel.m; sourceTree = "<group>"; };
		68F9A7C12494794C00FFF90B /* KLImagePickerViewExample.app */ = {isa = PBXFileReference; explicitFileType = wrapper.application; includeInIndex = 0; path = KLImagePickerViewExample.app; sourceTree = BUILT_PRODUCTS_DIR; };
		68F9A7C42494794C00FFF90B /* AppDelegate.h */ = {isa = PBXFileReference; lastKnownFileType = sourcecode.c.h; path = AppDelegate.h; sourceTree = "<group>"; };
		68F9A7C52494794C00FFF90B /* AppDelegate.m */ = {isa = PBXFileReference; lastKnownFileType = sourcecode.c.objc; path = AppDelegate.m; sourceTree = "<group>"; };
		68F9A7C72494794C00FFF90B /* SceneDelegate.h */ = {isa = PBXFileReference; lastKnownFileType = sourcecode.c.h; path = SceneDelegate.h; sourceTree = "<group>"; };
		68F9A7C82494794C00FFF90B /* SceneDelegate.m */ = {isa = PBXFileReference; lastKnownFileType = sourcecode.c.objc; path = SceneDelegate.m; sourceTree = "<group>"; };
		68F9A7CA2494794C00FFF90B /* ViewController.h */ = {isa = PBXFileReference; lastKnownFileType = sourcecode.c.h; path = ViewController.h; sourceTree = "<group>"; };
		68F9A7CB2494794C00FFF90B /* ViewController.m */ = {isa = PBXFileReference; lastKnownFileType = sourcecode.c.objc; path = ViewController.m; sourceTree = "<group>"; };
		68F9A7CE2494794C00FFF90B /* Base */ = {isa = PBXFileReference; lastKnownFileType = file.storyboard; name = Base; path = Base.lproj/Main.storyboard; sourceTree = "<group>"; };
		68F9A7D02494795300FFF90B /* Assets.xcassets */ = {isa = PBXFileReference; lastKnownFileType = folder.assetcatalog; path = Assets.xcassets; sourceTree = "<group>"; };
		68F9A7D32494795300FFF90B /* Base */ = {isa = PBXFileReference; lastKnownFileType = file.storyboard; name = Base; path = Base.lproj/LaunchScreen.storyboard; sourceTree = "<group>"; };
		68F9A7D52494795300FFF90B /* Info.plist */ = {isa = PBXFileReference; lastKnownFileType = text.plist.xml; path = Info.plist; sourceTree = "<group>"; };
		68F9A7D62494795300FFF90B /* main.m */ = {isa = PBXFileReference; lastKnownFileType = sourcecode.c.objc; path = main.m; sourceTree = "<group>"; };
		68F9A7DE2494798400FFF90B /* README.md */ = {isa = PBXFileReference; lastKnownFileType = net.daringfireball.markdown; path = README.md; sourceTree = "<group>"; };
		68F9A7DF2494B62300FFF90B /* KLImagePickerView.h */ = {isa = PBXFileReference; lastKnownFileType = sourcecode.c.h; path = KLImagePickerView.h; sourceTree = "<group>"; };
		68F9A7E02494B62300FFF90B /* KLImagePickerView.m */ = {isa = PBXFileReference; lastKnownFileType = sourcecode.c.objc; path = KLImagePickerView.m; sourceTree = "<group>"; };
		68F9A7E22494B65600FFF90B /* KLImagePickerViewConfiguration.h */ = {isa = PBXFileReference; lastKnownFileType = sourcecode.c.h; path = KLImagePickerViewConfiguration.h; sourceTree = "<group>"; };
		68F9A7E32494B65600FFF90B /* KLImagePickerViewConfiguration.m */ = {isa = PBXFileReference; lastKnownFileType = sourcecode.c.objc; path = KLImagePickerViewConfiguration.m; sourceTree = "<group>"; };
		68F9A7E62494B6AD00FFF90B /* KLImagePicker.h */ = {isa = PBXFileReference; lastKnownFileType = sourcecode.c.h; path = KLImagePicker.h; sourceTree = "<group>"; };
		68F9A7E72494B6AD00FFF90B /* KLImagePicker.m */ = {isa = PBXFileReference; lastKnownFileType = sourcecode.c.objc; path = KLImagePicker.m; sourceTree = "<group>"; };
		68F9A7EB24950E9B00FFF90B /* KLAssetModel.h */ = {isa = PBXFileReference; lastKnownFileType = sourcecode.c.h; path = KLAssetModel.h; sourceTree = "<group>"; };
		68F9A7EC24950E9B00FFF90B /* KLAssetModel.m */ = {isa = PBXFileReference; lastKnownFileType = sourcecode.c.objc; path = KLAssetModel.m; sourceTree = "<group>"; };
/* End PBXFileReference section */

/* Begin PBXFrameworksBuildPhase section */
		68F9A7BE2494794C00FFF90B /* Frameworks */ = {
			isa = PBXFrameworksBuildPhase;
			buildActionMask = 2147483647;
			files = (
			);
			runOnlyForDeploymentPostprocessing = 0;
		};
/* End PBXFrameworksBuildPhase section */

/* Begin PBXGroup section */
		6859641224A052F5000C4348 /* Photos_Notes */ = {
			isa = PBXGroup;
			children = (
				6859641524A0799C000C4348 /* PHAsset.md */,
				6859641324A05320000C4348 /* PHCollection.md */,
				6859641424A0649D000C4348 /* PHFetchOptions.md */,
			);
			path = Photos_Notes;
			sourceTree = "<group>";
		};
		68F9A7B82494794B00FFF90B = {
			isa = PBXGroup;
			children = (
				68F9A7C32494794C00FFF90B /* KLImagePickerViewExample */,
				68F9A7C22494794C00FFF90B /* Products */,
			);
			sourceTree = "<group>";
		};
		68F9A7C22494794C00FFF90B /* Products */ = {
			isa = PBXGroup;
			children = (
				68F9A7C12494794C00FFF90B /* KLImagePickerViewExample.app */,
			);
			name = Products;
			sourceTree = "<group>";
		};
		68F9A7C32494794C00FFF90B /* KLImagePickerViewExample */ = {
			isa = PBXGroup;
			children = (
				6859641224A052F5000C4348 /* Photos_Notes */,
				68F9A7E52494B66B00FFF90B /* KLImagePicker */,
				68F9A7DD2494795C00FFF90B /* KLImagePickerView */,
				68F9A7C42494794C00FFF90B /* AppDelegate.h */,
				68F9A7C52494794C00FFF90B /* AppDelegate.m */,
				68F9A7C72494794C00FFF90B /* SceneDelegate.h */,
				68F9A7C82494794C00FFF90B /* SceneDelegate.m */,
				68F9A7CA2494794C00FFF90B /* ViewController.h */,
				68F9A7CB2494794C00FFF90B /* ViewController.m */,
				68F9A7CD2494794C00FFF90B /* Main.storyboard */,
				68F9A7D02494795300FFF90B /* Assets.xcassets */,
				68F9A7D22494795300FFF90B /* LaunchScreen.storyboard */,
				68F9A7D52494795300FFF90B /* Info.plist */,
				68F9A7D62494795300FFF90B /* main.m */,
			);
			path = KLImagePickerViewExample;
			sourceTree = "<group>";
		};
		68F9A7DD2494795C00FFF90B /* KLImagePickerView */ = {
			isa = PBXGroup;
			children = (
				68F9A7DE2494798400FFF90B /* README.md */,
				68F9A7E22494B65600FFF90B /* KLImagePickerViewConfiguration.h */,
				68F9A7E32494B65600FFF90B /* KLImagePickerViewConfiguration.m */,
				68F9A7DF2494B62300FFF90B /* KLImagePickerView.h */,
				68F9A7E02494B62300FFF90B /* KLImagePickerView.m */,
			);
			path = KLImagePickerView;
			sourceTree = "<group>";
		};
		68F9A7E52494B66B00FFF90B /* KLImagePicker */ = {
			isa = PBXGroup;
			children = (
				68F9A7E62494B6AD00FFF90B /* KLImagePicker.h */,
				68F9A7E72494B6AD00FFF90B /* KLImagePicker.m */,
				68F9A7EB24950E9B00FFF90B /* KLAssetModel.h */,
				68F9A7EC24950E9B00FFF90B /* KLAssetModel.m */,
				6859640B249DB505000C4348 /* KLImagePickerConfiguration.h */,
				6859640C249DB505000C4348 /* KLImagePickerConfiguration.m */,
				6859641624A0B5A9000C4348 /* KLAlbumModel.h */,
				6859641724A0B5A9000C4348 /* KLAlbumModel.m */,
			);
			path = KLImagePicker;
			sourceTree = "<group>";
		};
/* End PBXGroup section */

/* Begin PBXNativeTarget section */
		68F9A7C02494794C00FFF90B /* KLImagePickerViewExample */ = {
			isa = PBXNativeTarget;
			buildConfigurationList = 68F9A7DA2494795300FFF90B /* Build configuration list for PBXNativeTarget "KLImagePickerViewExample" */;
			buildPhases = (
				68F9A7BD2494794C00FFF90B /* Sources */,
				68F9A7BE2494794C00FFF90B /* Frameworks */,
				68F9A7BF2494794C00FFF90B /* Resources */,
			);
			buildRules = (
			);
			dependencies = (
			);
			name = KLImagePickerViewExample;
			productName = KLImagePickerViewExample;
			productReference = 68F9A7C12494794C00FFF90B /* KLImagePickerViewExample.app */;
			productType = "com.apple.product-type.application";
		};
/* End PBXNativeTarget section */

/* Begin PBXProject section */
		68F9A7B92494794B00FFF90B /* Project object */ = {
			isa = PBXProject;
			attributes = {
				LastUpgradeCheck = 1140;
				ORGANIZATIONNAME = "艾波儿";
				TargetAttributes = {
					68F9A7C02494794C00FFF90B = {
						CreatedOnToolsVersion = 11.4.1;
					};
				};
			};
			buildConfigurationList = 68F9A7BC2494794B00FFF90B /* Build configuration list for PBXProject "KLImagePickerViewExample" */;
			compatibilityVersion = "Xcode 9.3";
			developmentRegion = en;
			hasScannedForEncodings = 0;
			knownRegions = (
				en,
				Base,
			);
			mainGroup = 68F9A7B82494794B00FFF90B;
			productRefGroup = 68F9A7C22494794C00FFF90B /* Products */;
			projectDirPath = "";
			projectRoot = "";
			targets = (
				68F9A7C02494794C00FFF90B /* KLImagePickerViewExample */,
			);
		};
/* End PBXProject section */

/* Begin PBXResourcesBuildPhase section */
		68F9A7BF2494794C00FFF90B /* Resources */ = {
			isa = PBXResourcesBuildPhase;
			buildActionMask = 2147483647;
			files = (
				68F9A7D42494795300FFF90B /* LaunchScreen.storyboard in Resources */,
				68F9A7D12494795300FFF90B /* Assets.xcassets in Resources */,
				68F9A7CF2494794C00FFF90B /* Main.storyboard in Resources */,
			);
			runOnlyForDeploymentPostprocessing = 0;
		};
/* End PBXResourcesBuildPhase section */

/* Begin PBXSourcesBuildPhase section */
		68F9A7BD2494794C00FFF90B /* Sources */ = {
			isa = PBXSourcesBuildPhase;
			buildActionMask = 2147483647;
			files = (
				68F9A7CC2494794C00FFF90B /* ViewController.m in Sources */,
				68F9A7ED24950E9B00FFF90B /* KLAssetModel.m in Sources */,
				68F9A7C62494794C00FFF90B /* AppDelegate.m in Sources */,
				68F9A7E82494B6AD00FFF90B /* KLImagePicker.m in Sources */,
				68F9A7E42494B65600FFF90B /* KLImagePickerViewConfiguration.m in Sources */,
				68F9A7D72494795300FFF90B /* main.m in Sources */,
				68F9A7C92494794C00FFF90B /* SceneDelegate.m in Sources */,
				68F9A7E12494B62300FFF90B /* KLImagePickerView.m in Sources */,
				6859641824A0B5A9000C4348 /* KLAlbumModel.m in Sources */,
				6859640D249DB505000C4348 /* KLImagePickerConfiguration.m in Sources */,
			);
			runOnlyForDeploymentPostprocessing = 0;
		};
/* End PBXSourcesBuildPhase section */

/* Begin PBXVariantGroup section */
		68F9A7CD2494794C00FFF90B /* Main.storyboard */ = {
			isa = PBXVariantGroup;
			children = (
				68F9A7CE2494794C00FFF90B /* Base */,
			);
			name = Main.storyboard;
			sourceTree = "<group>";
		};
		68F9A7D22494795300FFF90B /* LaunchScreen.storyboard */ = {
			isa = PBXVariantGroup;
			children = (
				68F9A7D32494795300FFF90B /* Base */,
			);
			name = LaunchScreen.storyboard;
			sourceTree = "<group>";
		};
/* End PBXVariantGroup section */

/* Begin XCBuildConfiguration section */
		68F9A7D82494795300FFF90B /* Debug */ = {
			isa = XCBuildConfiguration;
			buildSettings = {
				ALWAYS_SEARCH_USER_PATHS = NO;
				CLANG_ANALYZER_NONNULL = YES;
				CLANG_ANALYZER_NUMBER_OBJECT_CONVERSION = YES_AGGRESSIVE;
				CLANG_CXX_LANGUAGE_STANDARD = "gnu++14";
				CLANG_CXX_LIBRARY = "libc++";
				CLANG_ENABLE_MODULES = YES;
				CLANG_ENABLE_OBJC_ARC = YES;
				CLANG_ENABLE_OBJC_WEAK = YES;
				CLANG_WARN_BLOCK_CAPTURE_AUTORELEASING = YES;
				CLANG_WARN_BOOL_CONVERSION = YES;
				CLANG_WARN_COMMA = YES;
				CLANG_WARN_CONSTANT_CONVERSION = YES;
				CLANG_WARN_DEPRECATED_OBJC_IMPLEMENTATIONS = YES;
				CLANG_WARN_DIRECT_OBJC_ISA_USAGE = YES_ERROR;
				CLANG_WARN_DOCUMENTATION_COMMENTS = YES;
				CLANG_WARN_EMPTY_BODY = YES;
				CLANG_WARN_ENUM_CONVERSION = YES;
				CLANG_WARN_INFINITE_RECURSION = YES;
				CLANG_WARN_INT_CONVERSION = YES;
				CLANG_WARN_NON_LITERAL_NULL_CONVERSION = YES;
				CLANG_WARN_OBJC_IMPLICIT_RETAIN_SELF = YES;
				CLANG_WARN_OBJC_LITERAL_CONVERSION = YES;
				CLANG_WARN_OBJC_ROOT_CLASS = YES_ERROR;
				CLANG_WARN_RANGE_LOOP_ANALYSIS = YES;
				CLANG_WARN_STRICT_PROTOTYPES = YES;
				CLANG_WARN_SUSPICIOUS_MOVE = YES;
				CLANG_WARN_UNGUARDED_AVAILABILITY = YES_AGGRESSIVE;
				CLANG_WARN_UNREACHABLE_CODE = YES;
				CLANG_WARN__DUPLICATE_METHOD_MATCH = YES;
				COPY_PHASE_STRIP = NO;
				DEBUG_INFORMATION_FORMAT = dwarf;
				ENABLE_STRICT_OBJC_MSGSEND = YES;
				ENABLE_TESTABILITY = YES;
				GCC_C_LANGUAGE_STANDARD = gnu11;
				GCC_DYNAMIC_NO_PIC = NO;
				GCC_NO_COMMON_BLOCKS = YES;
				GCC_OPTIMIZATION_LEVEL = 0;
				GCC_PREPROCESSOR_DEFINITIONS = (
					"DEBUG=1",
					"$(inherited)",
				);
				GCC_WARN_64_TO_32_BIT_CONVERSION = YES;
				GCC_WARN_ABOUT_RETURN_TYPE = YES_ERROR;
				GCC_WARN_UNDECLARED_SELECTOR = YES;
				GCC_WARN_UNINITIALIZED_AUTOS = YES_AGGRESSIVE;
				GCC_WARN_UNUSED_FUNCTION = YES;
				GCC_WARN_UNUSED_VARIABLE = YES;
				IPHONEOS_DEPLOYMENT_TARGET = 13.4;
				MTL_ENABLE_DEBUG_INFO = INCLUDE_SOURCE;
				MTL_FAST_MATH = YES;
				ONLY_ACTIVE_ARCH = YES;
				SDKROOT = iphoneos;
			};
			name = Debug;
		};
		68F9A7D92494795300FFF90B /* Release */ = {
			isa = XCBuildConfiguration;
			buildSettings = {
				ALWAYS_SEARCH_USER_PATHS = NO;
				CLANG_ANALYZER_NONNULL = YES;
				CLANG_ANALYZER_NUMBER_OBJECT_CONVERSION = YES_AGGRESSIVE;
				CLANG_CXX_LANGUAGE_STANDARD = "gnu++14";
				CLANG_CXX_LIBRARY = "libc++";
				CLANG_ENABLE_MODULES = YES;
				CLANG_ENABLE_OBJC_ARC = YES;
				CLANG_ENABLE_OBJC_WEAK = YES;
				CLANG_WARN_BLOCK_CAPTURE_AUTORELEASING = YES;
				CLANG_WARN_BOOL_CONVERSION = YES;
				CLANG_WARN_COMMA = YES;
				CLANG_WARN_CONSTANT_CONVERSION = YES;
				CLANG_WARN_DEPRECATED_OBJC_IMPLEMENTATIONS = YES;
				CLANG_WARN_DIRECT_OBJC_ISA_USAGE = YES_ERROR;
				CLANG_WARN_DOCUMENTATION_COMMENTS = YES;
				CLANG_WARN_EMPTY_BODY = YES;
				CLANG_WARN_ENUM_CONVERSION = YES;
				CLANG_WARN_INFINITE_RECURSION = YES;
				CLANG_WARN_INT_CONVERSION = YES;
				CLANG_WARN_NON_LITERAL_NULL_CONVERSION = YES;
				CLANG_WARN_OBJC_IMPLICIT_RETAIN_SELF = YES;
				CLANG_WARN_OBJC_LITERAL_CONVERSION = YES;
				CLANG_WARN_OBJC_ROOT_CLASS = YES_ERROR;
				CLANG_WARN_RANGE_LOOP_ANALYSIS = YES;
				CLANG_WARN_STRICT_PROTOTYPES = YES;
				CLANG_WARN_SUSPICIOUS_MOVE = YES;
				CLANG_WARN_UNGUARDED_AVAILABILITY = YES_AGGRESSIVE;
				CLANG_WARN_UNREACHABLE_CODE = YES;
				CLANG_WARN__DUPLICATE_METHOD_MATCH = YES;
				COPY_PHASE_STRIP = NO;
				DEBUG_INFORMATION_FORMAT = "dwarf-with-dsym";
				ENABLE_NS_ASSERTIONS = NO;
				ENABLE_STRICT_OBJC_MSGSEND = YES;
				GCC_C_LANGUAGE_STANDARD = gnu11;
				GCC_NO_COMMON_BLOCKS = YES;
				GCC_WARN_64_TO_32_BIT_CONVERSION = YES;
				GCC_WARN_ABOUT_RETURN_TYPE = YES_ERROR;
				GCC_WARN_UNDECLARED_SELECTOR = YES;
				GCC_WARN_UNINITIALIZED_AUTOS = YES_AGGRESSIVE;
				GCC_WARN_UNUSED_FUNCTION = YES;
				GCC_WARN_UNUSED_VARIABLE = YES;
				IPHONEOS_DEPLOYMENT_TARGET = 13.4;
				MTL_ENABLE_DEBUG_INFO = NO;
				MTL_FAST_MATH = YES;
				SDKROOT = iphoneos;
				VALIDATE_PRODUCT = YES;
			};
			name = Release;
		};
		68F9A7DB2494795300FFF90B /* Debug */ = {
			isa = XCBuildConfiguration;
			buildSettings = {
				ASSETCATALOG_COMPILER_APPICON_NAME = AppIcon;
				CODE_SIGN_STYLE = Automatic;
				INFOPLIST_FILE = KLImagePickerViewExample/Info.plist;
				LD_RUNPATH_SEARCH_PATHS = (
					"$(inherited)",
					"@executable_path/Frameworks",
				);
				PRODUCT_BUNDLE_IDENTIFIER = com.ppabner.KLImagePickerViewExample;
				PRODUCT_NAME = "$(TARGET_NAME)";
				TARGETED_DEVICE_FAMILY = "1,2";
			};
			name = Debug;
		};
		68F9A7DC2494795300FFF90B /* Release */ = {
			isa = XCBuildConfiguration;
			buildSettings = {
				ASSETCATALOG_COMPILER_APPICON_NAME = AppIcon;
				CODE_SIGN_STYLE = Automatic;
				INFOPLIST_FILE = KLImagePickerViewExample/Info.plist;
				LD_RUNPATH_SEARCH_PATHS = (
					"$(inherited)",
					"@executable_path/Frameworks",
				);
				PRODUCT_BUNDLE_IDENTIFIER = com.ppabner.KLImagePickerViewExample;
				PRODUCT_NAME = "$(TARGET_NAME)";
				TARGETED_DEVICE_FAMILY = "1,2";
			};
			name = Release;
		};
/* End XCBuildConfiguration section */

/* Begin XCConfigurationList section */
		68F9A7BC2494794B00FFF90B /* Build configuration list for PBXProject "KLImagePickerViewExample" */ = {
			isa = XCConfigurationList;
			buildConfigurations = (
				68F9A7D82494795300FFF90B /* Debug */,
				68F9A7D92494795300FFF90B /* Release */,
			);
			defaultConfigurationIsVisible = 0;
			defaultConfigurationName = Release;
		};
		68F9A7DA2494795300FFF90B /* Build configuration list for PBXNativeTarget "KLImagePickerViewExample" */ = {
			isa = XCConfigurationList;
			buildConfigurations = (
				68F9A7DB2494795300FFF90B /* Debug */,
				68F9A7DC2494795300FFF90B /* Release */,
			);
			defaultConfigurationIsVisible = 0;
			defaultConfigurationName = Release;
		};
/* End XCConfigurationList section */
	};
	rootObject = 68F9A7B92494794B00FFF90B /* Project object */;
}
